
Microsoft Visual Studio Solution File, Format Version 12.00
# Visual Studio Version 17
VisualStudioVersion = 17.8.34330.188
MinimumVisualStudioVersion = 10.0.40219.1
Project("{2150E333-8FDC-42A3-9474-1A3956D46DE8}") = "Services", "Services", "{D0A2F2C2-6797-4FF1-9751-D7E18C8AA919}"
EndProject
Project("{2150E333-8FDC-42A3-9474-1A3956D46DE8}") = "Shared", "Shared", "{39B6DECF-DA88-476D-AF16-993DF8F9D0D1}"
EndProject
Project("{2150E333-8FDC-42A3-9474-1A3956D46DE8}") = "Gateways", "Gateways", "{46D92BF8-EE98-48AA-833E-D367088D8868}"
EndProject
Project("{2150E333-8FDC-42A3-9474-1A3956D46DE8}") = "Frontends", "Frontends", "{3D0BB516-5A80-40D8-AADE-6FF2173185C2}"
EndProject
Project("{2150E333-8FDC-42A3-9474-1A3956D46DE8}") = "IdentityServer", "IdentityServer", "{D5DE3B5B-3B5E-48FF-9529-11E62309D831}"
EndProject
Project("{2150E333-8FDC-42A3-9474-1A3956D46DE8}") = "ToDoList", "ToDoList", "{DC6A9315-6348-4536-8B22-716B98E875C5}"
EndProject
Project("{2150E333-8FDC-42A3-9474-1A3956D46DE8}") = "Basket", "Basket", "{A7D10687-7D4F-49CE-A1AF-40224D556983}"
EndProject
Project("{2150E333-8FDC-42A3-9474-1A3956D46DE8}") = "Catalog", "Catalog", "{C10CC5AA-B2F0-4426-AC07-C8A9B3ADBF6E}"
EndProject
Project("{2150E333-8FDC-42A3-9474-1A3956D46DE8}") = "Order", "Order", "{9006729A-8007-4EC0-9E2B-5E9ED1A512FE}"
EndProject
Project("{2150E333-8FDC-42A3-9474-1A3956D46DE8}") = "Payment", "Payment", "{2C944A57-9741-4670-B183-B167B57D40C9}"
EndProject
Project("{2150E333-8FDC-42A3-9474-1A3956D46DE8}") = "Discount", "Discount", "{27E88556-3CD5-4597-A74E-9CFEA61B8B00}"
EndProject
Project("{2150E333-8FDC-42A3-9474-1A3956D46DE8}") = "Photostock", "Photostock", "{391E6EEB-37B8-48B4-B200-9608A19A5C73}"
EndProject
Project("{2150E333-8FDC-42A3-9474-1A3956D46DE8}") = "Comment", "Comment", "{70DBB7FE-021A-461C-A2DB-921A8CD02932}"
EndProject
Project("{FAE04EC0-301F-11D3-BF4B-00C04F79EFBC}") = "MyAkademiECommerce.Services.Catalog", "Services\Catalog\MyAkademiECommerce.Services.Catalog\MyAkademiECommerce.Services.Catalog.csproj", "{9EF6CAD7-1E99-47BD-B120-B220F3477325}"
EndProject
Project("{2150E333-8FDC-42A3-9474-1A3956D46DE8}") = "Cargo", "Cargo", "{535D1DB8-7F19-4C9F-860A-DF2624F07B8F}"
EndProject
Global
	GlobalSection(SolutionConfigurationPlatforms) = preSolution
		Debug|Any CPU = Debug|Any CPU
		Release|Any CPU = Release|Any CPU
	EndGlobalSection
	GlobalSection(ProjectConfigurationPlatforms) = postSolution
		{9EF6CAD7-1E99-47BD-B120-B220F3477325}.Debug|Any CPU.ActiveCfg = Debug|Any CPU
		{9EF6CAD7-1E99-47BD-B120-B220F3477325}.Debug|Any CPU.Build.0 = Debug|Any CPU
		{9EF6CAD7-1E99-47BD-B120-B220F3477325}.Release|Any CPU.ActiveCfg = Release|Any CPU
		{9EF6CAD7-1E99-47BD-B120-B220F3477325}.Release|Any CPU.Build.0 = Release|Any CPU
	EndGlobalSection
	GlobalSection(SolutionProperties) = preSolution
		HideSolutionNode = FALSE
	EndGlobalSection
	GlobalSection(NestedProjects) = preSolution
		{A7D10687-7D4F-49CE-A1AF-40224D556983} = {D0A2F2C2-6797-4FF1-9751-D7E18C8AA919}
		{C10CC5AA-B2F0-4426-AC07-C8A9B3ADBF6E} = {D0A2F2C2-6797-4FF1-9751-D7E18C8AA919}
		{9006729A-8007-4EC0-9E2B-5E9ED1A512FE} = {D0A2F2C2-6797-4FF1-9751-D7E18C8AA919}
		{2C944A57-9741-4670-B183-B167B57D40C9} = {D0A2F2C2-6797-4FF1-9751-D7E18C8AA919}
		{27E88556-3CD5-4597-A74E-9CFEA61B8B00} = {D0A2F2C2-6797-4FF1-9751-D7E18C8AA919}
		{391E6EEB-37B8-48B4-B200-9608A19A5C73} = {D0A2F2C2-6797-4FF1-9751-D7E18C8AA919}
		{70DBB7FE-021A-461C-A2DB-921A8CD02932} = {D0A2F2C2-6797-4FF1-9751-D7E18C8AA919}
		{9EF6CAD7-1E99-47BD-B120-B220F3477325} = {C10CC5AA-B2F0-4426-AC07-C8A9B3ADBF6E}
		{535D1DB8-7F19-4C9F-860A-DF2624F07B8F} = {D0A2F2C2-6797-4FF1-9751-D7E18C8AA919}
	EndGlobalSection
	GlobalSection(ExtensibilityGlobals) = postSolution
		SolutionGuid = {50449965-FF5C-4D0F-B2DA-6281F9F6D4B4}
	EndGlobalSection
EndGlobal
